
Microsoft Visual Studio Solution File, Format Version 12.00
# Visual Studio Version 16
VisualStudioVersion = 16.0.29509.3
MinimumVisualStudioVersion = 10.0.40219.1
Project("{9A19103F-16F7-4668-BE54-9A1E7A4F7556}") = "Avalon.Client", "src\Avalon.Client\Avalon.Client.csproj", "{9C825285-538A-4BA0-AF99-DB48CA78C470}"
EndProject
Project("{9A19103F-16F7-4668-BE54-9A1E7A4F7556}") = "Avalon.MoonSharp", "src\Avalon.MoonSharp\Avalon.MoonSharp.csproj", "{9B01B55A-D37D-463B-AD8A-7E837AFB008C}"
EndProject
Project("{9A19103F-16F7-4668-BE54-9A1E7A4F7556}") = "Avalon.Common", "src\Avalon.Common\Avalon.Common.csproj", "{429FA27B-37A1-4051-A162-B9CA22CCE078}"
EndProject
Project("{2150E333-8FDC-42A3-9474-1A3956D46DE8}") = "Solution Items", "Solution Items", "{CD384D4B-FDCF-4004-A337-CC256AE76B04}"
	ProjectSection(SolutionItems) = preProject
		build\Publish.ps1 = build\Publish.ps1
		build\PublishPlugins.ps1 = build\PublishPlugins.ps1
		build\UpdateVersion.ps1 = build\UpdateVersion.ps1
		build\x64Installer.iss = build\x64Installer.iss
		build\x86Installer.iss = build\x86Installer.iss
	EndProjectSection
EndProject
Project("{9A19103F-16F7-4668-BE54-9A1E7A4F7556}") = "Avalon.Plugins.DarkAndShatteredLands", "src\Avalon.Plugins.DarkAndShatteredLands\Avalon.Plugins.DarkAndShatteredLands.csproj", "{BDD6640F-176C-47B7-835D-2AB6B3EDA1CE}"
EndProject
Project("{9A19103F-16F7-4668-BE54-9A1E7A4F7556}") = "Avalon.Sqlite", "src\Avalon.SQLite\Avalon.Sqlite.csproj", "{235DEDF3-24AF-4194-BFF5-027C6D17C4AD}"
EndProject
Project("{9A19103F-16F7-4668-BE54-9A1E7A4F7556}") = "Avalon.Web", "src\Avalon.Web\Avalon.Web.csproj", "{D24714B5-1103-4B43-A9BE-1A93E0CA1A7A}"
EndProject
Global
	GlobalSection(SolutionConfigurationPlatforms) = preSolution
		Debug|Any CPU = Debug|Any CPU
		Release|Any CPU = Release|Any CPU
	EndGlobalSection
	GlobalSection(ProjectConfigurationPlatforms) = postSolution
		{9C825285-538A-4BA0-AF99-DB48CA78C470}.Debug|Any CPU.ActiveCfg = Debug|Any CPU
		{9C825285-538A-4BA0-AF99-DB48CA78C470}.Debug|Any CPU.Build.0 = Debug|Any CPU
		{9C825285-538A-4BA0-AF99-DB48CA78C470}.Release|Any CPU.ActiveCfg = Release|Any CPU
		{9C825285-538A-4BA0-AF99-DB48CA78C470}.Release|Any CPU.Build.0 = Release|Any CPU
		{9B01B55A-D37D-463B-AD8A-7E837AFB008C}.Debug|Any CPU.ActiveCfg = Debug|Any CPU
		{9B01B55A-D37D-463B-AD8A-7E837AFB008C}.Debug|Any CPU.Build.0 = Debug|Any CPU
		{9B01B55A-D37D-463B-AD8A-7E837AFB008C}.Release|Any CPU.ActiveCfg = Release|Any CPU
		{9B01B55A-D37D-463B-AD8A-7E837AFB008C}.Release|Any CPU.Build.0 = Release|Any CPU
		{429FA27B-37A1-4051-A162-B9CA22CCE078}.Debug|Any CPU.ActiveCfg = Debug|Any CPU
		{429FA27B-37A1-4051-A162-B9CA22CCE078}.Debug|Any CPU.Build.0 = Debug|Any CPU
		{429FA27B-37A1-4051-A162-B9CA22CCE078}.Release|Any CPU.ActiveCfg = Release|Any CPU
		{429FA27B-37A1-4051-A162-B9CA22CCE078}.Release|Any CPU.Build.0 = Release|Any CPU
		{BDD6640F-176C-47B7-835D-2AB6B3EDA1CE}.Debug|Any CPU.ActiveCfg = Debug|Any CPU
		{BDD6640F-176C-47B7-835D-2AB6B3EDA1CE}.Debug|Any CPU.Build.0 = Debug|Any CPU
		{BDD6640F-176C-47B7-835D-2AB6B3EDA1CE}.Release|Any CPU.ActiveCfg = Release|Any CPU
		{BDD6640F-176C-47B7-835D-2AB6B3EDA1CE}.Release|Any CPU.Build.0 = Release|Any CPU
		{235DEDF3-24AF-4194-BFF5-027C6D17C4AD}.Debug|Any CPU.ActiveCfg = Debug|Any CPU
		{235DEDF3-24AF-4194-BFF5-027C6D17C4AD}.Debug|Any CPU.Build.0 = Debug|Any CPU
		{235DEDF3-24AF-4194-BFF5-027C6D17C4AD}.Release|Any CPU.ActiveCfg = Release|Any CPU
		{235DEDF3-24AF-4194-BFF5-027C6D17C4AD}.Release|Any CPU.Build.0 = Release|Any CPU
		{D24714B5-1103-4B43-A9BE-1A93E0CA1A7A}.Debug|Any CPU.ActiveCfg = Debug|Any CPU
		{D24714B5-1103-4B43-A9BE-1A93E0CA1A7A}.Debug|Any CPU.Build.0 = Debug|Any CPU
		{D24714B5-1103-4B43-A9BE-1A93E0CA1A7A}.Release|Any CPU.ActiveCfg = Release|Any CPU
		{D24714B5-1103-4B43-A9BE-1A93E0CA1A7A}.Release|Any CPU.Build.0 = Release|Any CPU
	EndGlobalSection
	GlobalSection(SolutionProperties) = preSolution
		HideSolutionNode = FALSE
	EndGlobalSection
	GlobalSection(ExtensibilityGlobals) = postSolution
		SolutionGuid = {6C052C01-CF2E-4B48-B701-3C46583EA4E4}
	EndGlobalSection
EndGlobal
